
Microsoft Visual Studio Solution File, Format Version 12.00
# Visual Studio Version 16
VisualStudioVersion = 16.0.31025.194
MinimumVisualStudioVersion = 10.0.40219.1
Project("{FAE04EC0-301F-11D3-BF4B-00C04F79EFBC}") = "WindowsFormsApp1", "WindowsFormsApp1\WindowsFormsApp1.csproj", "{E7952B08-1664-46A1-8172-06A39D14DE9F}"
EndProject
Global
	GlobalSection(SolutionConfigurationPlatforms) = preSolution
		Debug|Any CPU = Debug|Any CPU
		Release|Any CPU = Release|Any CPU
	EndGlobalSection
	GlobalSection(ProjectConfigurationPlatforms) = postSolution
		{E7952B08-1664-46A1-8172-06A39D14DE9F}.Debug|Any CPU.ActiveCfg = Debug|Any CPU
		{E7952B08-1664-46A1-8172-06A39D14DE9F}.Debug|Any CPU.Build.0 = Debug|Any CPU
		{E7952B08-1664-46A1-8172-06A39D14DE9F}.Release|Any CPU.ActiveCfg = Release|Any CPU
		{E7952B08-1664-46A1-8172-06A39D14DE9F}.Release|Any CPU.Build.0 = Release|Any CPU
	EndGlobalSection
	GlobalSection(SolutionProperties) = preSolution
		HideSolutionNode = FALSE
	EndGlobalSection
	GlobalSection(ExtensibilityGlobals) = postSolution
		SolutionGuid = {EE5080A3-F530-4BB5-AB96-CDE653D2C92A}
	EndGlobalSection
EndGlobal
