
Microsoft Visual Studio Solution File, Format Version 12.00
# Visual Studio Version 16
VisualStudioVersion = 16.0.31025.194
MinimumVisualStudioVersion = 10.0.40219.1
Project("{8BC9CEB8-8B4A-11D0-8D11-00A0C91BC942}") = "Lab3", "Lab3\Lab3.vcxproj", "{F77728E2-0176-445C-98C5-C292013EA6AB}"
EndProject
Global
	GlobalSection(SolutionConfigurationPlatforms) = preSolution
		Debug|x64 = Debug|x64
		Debug|x86 = Debug|x86
		Release|x64 = Release|x64
		Release|x86 = Release|x86
	EndGlobalSection
	GlobalSection(ProjectConfigurationPlatforms) = postSolution
		{F77728E2-0176-445C-98C5-C292013EA6AB}.Debug|x64.ActiveCfg = Debug|x64
		{F77728E2-0176-445C-98C5-C292013EA6AB}.Debug|x64.Build.0 = Debug|x64
		{F77728E2-0176-445C-98C5-C292013EA6AB}.Debug|x86.ActiveCfg = Debug|Win32
		{F77728E2-0176-445C-98C5-C292013EA6AB}.Debug|x86.Build.0 = Debug|Win32
		{F77728E2-0176-445C-98C5-C292013EA6AB}.Release|x64.ActiveCfg = Release|x64
		{F77728E2-0176-445C-98C5-C292013EA6AB}.Release|x64.Build.0 = Release|x64
		{F77728E2-0176-445C-98C5-C292013EA6AB}.Release|x86.ActiveCfg = Release|Win32
		{F77728E2-0176-445C-98C5-C292013EA6AB}.Release|x86.Build.0 = Release|Win32
	EndGlobalSection
	GlobalSection(SolutionProperties) = preSolution
		HideSolutionNode = FALSE
	EndGlobalSection
	GlobalSection(ExtensibilityGlobals) = postSolution
		SolutionGuid = {E71CBAAC-9ACD-4629-8B7A-3CFBC09A7AA1}
	EndGlobalSection
EndGlobal
